
Microsoft Visual Studio Solution File, Format Version 12.00
# Visual Studio Version 16
VisualStudioVersion = 16.0.29209.62
MinimumVisualStudioVersion = 10.0.40219.1
Project("{FAE04EC0-301F-11D3-BF4B-00C04F79EFBC}") = "HuaweiSMS", "HuaweiSMS.csproj", "{3B0C0309-3A88-4348-989F-2CE0AFC92846}"
EndProject
Global
	GlobalSection(SolutionConfigurationPlatforms) = preSolution
		Debug|Any CPU = Debug|Any CPU
		Release|Any CPU = Release|Any CPU
	EndGlobalSection
	GlobalSection(ProjectConfigurationPlatforms) = postSolution
		{3B0C0309-3A88-4348-989F-2CE0AFC92846}.Debug|Any CPU.ActiveCfg = Debug|Any CPU
		{3B0C0309-3A88-4348-989F-2CE0AFC92846}.Debug|Any CPU.Build.0 = Debug|Any CPU
		{3B0C0309-3A88-4348-989F-2CE0AFC92846}.Release|Any CPU.ActiveCfg = Release|Any CPU
		{3B0C0309-3A88-4348-989F-2CE0AFC92846}.Release|Any CPU.Build.0 = Release|Any CPU
	EndGlobalSection
	GlobalSection(SolutionProperties) = preSolution
		HideSolutionNode = FALSE
	EndGlobalSection
	GlobalSection(ExtensibilityGlobals) = postSolution
		SolutionGuid = {60252173-69E1-478E-9728-E1F5DE5036EA}
	EndGlobalSection
EndGlobal
